// !$*UTF8*$!
{
	archiveVersion = 1;
	classes = {
	};
	objectVersion = 50;
	objects = {

/* Begin PBXBuildFile section */
		8441FEA9275FC13400FE2F3B /* easydoApp.swift in Sources */ = {isa = PBXBuildFile; fileRef = 8441FEA8275FC13400FE2F3B /* easydoApp.swift */; };
		8441FEAB275FC13400FE2F3B /* ContentView.swift in Sources */ = {isa = PBXBuildFile; fileRef = 8441FEAA275FC13400FE2F3B /* ContentView.swift */; };
		8441FEAD275FC13400FE2F3B /* Assets.xcassets in Resources */ = {isa = PBXBuildFile; fileRef = 8441FEAC275FC13400FE2F3B /* Assets.xcassets */; };
		8441FEB0275FC13400FE2F3B /* Preview Assets.xcassets in Resources */ = {isa = PBXBuildFile; fileRef = 8441FEAF275FC13400FE2F3B /* Preview Assets.xcassets */; };
		8441FEB2275FC13400FE2F3B /* Persistence.swift in Sources */ = {isa = PBXBuildFile; fileRef = 8441FEB1275FC13400FE2F3B /* Persistence.swift */; };
		8441FEB5275FC13400FE2F3B /* easydo.xcdatamodeld in Sources */ = {isa = PBXBuildFile; fileRef = 8441FEB3275FC13400FE2F3B /* easydo.xcdatamodeld */; };
		8441FEBE275FC20E00FE2F3B /* HomeView.swift in Sources */ = {isa = PBXBuildFile; fileRef = 8441FEBD275FC20E00FE2F3B /* HomeView.swift */; };
		8441FEC3275FC26200FE2F3B /* HomeViewModal.swift in Sources */ = {isa = PBXBuildFile; fileRef = 8441FEC2275FC26200FE2F3B /* HomeViewModal.swift */; };
		847EF9DE2774F645007B60C2 /* ColorModal.swift in Sources */ = {isa = PBXBuildFile; fileRef = 847EF9DD2774F645007B60C2 /* ColorModal.swift */; };
		847EF9E42774F729007B60C2 /* ColorsData.swift in Sources */ = {isa = PBXBuildFile; fileRef = 847EF9E32774F729007B60C2 /* ColorsData.swift */; };
		847EF9E92774F8BA007B60C2 /* Cards.swift in Sources */ = {isa = PBXBuildFile; fileRef = 847EF9E82774F8BA007B60C2 /* Cards.swift */; };
		847EF9EE277500DC007B60C2 /* SettingsView.swift in Sources */ = {isa = PBXBuildFile; fileRef = 847EF9ED277500DC007B60C2 /* SettingsView.swift */; };
		849891A8275FC4AB00F8B176 /* NewTaskView.swift in Sources */ = {isa = PBXBuildFile; fileRef = 849891A7275FC4AB00F8B176 /* NewTaskView.swift */; };
/* End PBXBuildFile section */

/* Begin PBXFileReference section */
		8441FEA5275FC13400FE2F3B /* easydo.app */ = {isa = PBXFileReference; explicitFileType = wrapper.application; includeInIndex = 0; path = easydo.app; sourceTree = BUILT_PRODUCTS_DIR; };
		8441FEA8275FC13400FE2F3B /* easydoApp.swift */ = {isa = PBXFileReference; lastKnownFileType = sourcecode.swift; path = easydoApp.swift; sourceTree = "<group>"; };
		8441FEAA275FC13400FE2F3B /* ContentView.swift */ = {isa = PBXFileReference; lastKnownFileType = sourcecode.swift; path = ContentView.swift; sourceTree = "<group>"; };
		8441FEAC275FC13400FE2F3B /* Assets.xcassets */ = {isa = PBXFileReference; lastKnownFileType = folder.assetcatalog; path = Assets.xcassets; sourceTree = "<group>"; };
		8441FEAF275FC13400FE2F3B /* Preview Assets.xcassets */ = {isa = PBXFileReference; lastKnownFileType = folder.assetcatalog; path = "Preview Assets.xcassets"; sourceTree = "<group>"; };
		8441FEB1275FC13400FE2F3B /* Persistence.swift */ = {isa = PBXFileReference; lastKnownFileType = sourcecode.swift; path = Persistence.swift; sourceTree = "<group>"; };
		8441FEB4275FC13400FE2F3B /* easydo.xcdatamodel */ = {isa = PBXFileReference; lastKnownFileType = wrapper.xcdatamodel; path = easydo.xcdatamodel; sourceTree = "<group>"; };
		8441FEB6275FC13400FE2F3B /* Info.plist */ = {isa = PBXFileReference; lastKnownFileType = text.plist.xml; path = Info.plist; sourceTree = "<group>"; };
		8441FEBD275FC20E00FE2F3B /* HomeView.swift */ = {isa = PBXFileReference; lastKnownFileType = sourcecode.swift; path = HomeView.swift; sourceTree = "<group>"; };
		8441FEC2275FC26200FE2F3B /* HomeViewModal.swift */ = {isa = PBXFileReference; lastKnownFileType = sourcecode.swift; path = HomeViewModal.swift; sourceTree = "<group>"; };
		847EF9DD2774F645007B60C2 /* ColorModal.swift */ = {isa = PBXFileReference; lastKnownFileType = sourcecode.swift; path = ColorModal.swift; sourceTree = "<group>"; };
		847EF9E32774F729007B60C2 /* ColorsData.swift */ = {isa = PBXFileReference; lastKnownFileType = sourcecode.swift; path = ColorsData.swift; sourceTree = "<group>"; };
		847EF9E82774F8BA007B60C2 /* Cards.swift */ = {isa = PBXFileReference; lastKnownFileType = sourcecode.swift; path = Cards.swift; sourceTree = "<group>"; };
		847EF9ED277500DC007B60C2 /* SettingsView.swift */ = {isa = PBXFileReference; lastKnownFileType = sourcecode.swift; path = SettingsView.swift; sourceTree = "<group>"; };
		849891A7275FC4AB00F8B176 /* NewTaskView.swift */ = {isa = PBXFileReference; lastKnownFileType = sourcecode.swift; path = NewTaskView.swift; sourceTree = "<group>"; };
/* End PBXFileReference section */

/* Begin PBXFrameworksBuildPhase section */
		8441FEA2275FC13400FE2F3B /* Frameworks */ = {
			isa = PBXFrameworksBuildPhase;
			buildActionMask = 2147483647;
			files = (
			);
			runOnlyForDeploymentPostprocessing = 0;
		};
/* End PBXFrameworksBuildPhase section */

/* Begin PBXGroup section */
		8441FE9C275FC13400FE2F3B = {
			isa = PBXGroup;
			children = (
				8441FEA7275FC13400FE2F3B /* easydo */,
				8441FEA6275FC13400FE2F3B /* Products */,
			);
			sourceTree = "<group>";
		};
		8441FEA6275FC13400FE2F3B /* Products */ = {
			isa = PBXGroup;
			children = (
				8441FEA5275FC13400FE2F3B /* easydo.app */,
			);
			name = Products;
			sourceTree = "<group>";
		};
		8441FEA7275FC13400FE2F3B /* easydo */ = {
			isa = PBXGroup;
			children = (
				84E5B5D12778BB0D00676F3A /* App */,
				84E5B5D22778BB2900676F3A /* CoreData */,
				847EF9DC2774F612007B60C2 /* Modal */,
				8441FEC1275FC21F00FE2F3B /* ViewModal */,
				8441FEC0275FC21600FE2F3B /* Views */,
				8441FEAC275FC13400FE2F3B /* Assets.xcassets */,
				8441FEB6275FC13400FE2F3B /* Info.plist */,
				8441FEAE275FC13400FE2F3B /* Preview Content */,
			);
			path = easydo;
			sourceTree = "<group>";
		};
		8441FEAE275FC13400FE2F3B /* Preview Content */ = {
			isa = PBXGroup;
			children = (
				8441FEAF275FC13400FE2F3B /* Preview Assets.xcassets */,
			);
			path = "Preview Content";
			sourceTree = "<group>";
		};
		8441FEC0275FC21600FE2F3B /* Views */ = {
			isa = PBXGroup;
			children = (
				8441FEBD275FC20E00FE2F3B /* HomeView.swift */,
				847EF9ED277500DC007B60C2 /* SettingsView.swift */,
				849891A7275FC4AB00F8B176 /* NewTaskView.swift */,
				8441FEAA275FC13400FE2F3B /* ContentView.swift */,
			);
			path = Views;
			sourceTree = "<group>";
		};
		8441FEC1275FC21F00FE2F3B /* ViewModal */ = {
			isa = PBXGroup;
			children = (
				8441FEC2275FC26200FE2F3B /* HomeViewModal.swift */,
			);
			path = ViewModal;
			sourceTree = "<group>";
		};
		847EF9DC2774F612007B60C2 /* Modal */ = {
			isa = PBXGroup;
			children = (
				847EF9E22774F6DA007B60C2 /* TasksColor */,
			);
			path = Modal;
			sourceTree = "<group>";
		};
		847EF9E22774F6DA007B60C2 /* TasksColor */ = {
			isa = PBXGroup;
			children = (
				847EF9DD2774F645007B60C2 /* ColorModal.swift */,
				847EF9E32774F729007B60C2 /* ColorsData.swift */,
				847EF9E82774F8BA007B60C2 /* Cards.swift */,
			);
			path = TasksColor;
			sourceTree = "<group>";
		};
		84E5B5D12778BB0D00676F3A /* App */ = {
			isa = PBXGroup;
			children = (
				8441FEA8275FC13400FE2F3B /* easydoApp.swift */,
			);
			path = App;
			sourceTree = "<group>";
		};
		84E5B5D22778BB2900676F3A /* CoreData */ = {
			isa = PBXGroup;
			children = (
				8441FEB1275FC13400FE2F3B /* Persistence.swift */,
				8441FEB3275FC13400FE2F3B /* easydo.xcdatamodeld */,
			);
			path = CoreData;
			sourceTree = "<group>";
		};
/* End PBXGroup section */

/* Begin PBXNativeTarget section */
		8441FEA4275FC13400FE2F3B /* easydo */ = {
			isa = PBXNativeTarget;
			buildConfigurationList = 8441FEB9275FC13400FE2F3B /* Build configuration list for PBXNativeTarget "easydo" */;
			buildPhases = (
				8441FEA1275FC13400FE2F3B /* Sources */,
				8441FEA2275FC13400FE2F3B /* Frameworks */,
				8441FEA3275FC13400FE2F3B /* Resources */,
			);
			buildRules = (
			);
			dependencies = (
			);
			name = easydo;
			productName = easydo;
			productReference = 8441FEA5275FC13400FE2F3B /* easydo.app */;
			productType = "com.apple.product-type.application";
		};
/* End PBXNativeTarget section */

/* Begin PBXProject section */
		8441FE9D275FC13400FE2F3B /* Project object */ = {
			isa = PBXProject;
			attributes = {
				LastSwiftUpdateCheck = 1240;
				LastUpgradeCheck = 1240;
				TargetAttributes = {
					8441FEA4275FC13400FE2F3B = {
						CreatedOnToolsVersion = 12.4;
					};
				};
			};
			buildConfigurationList = 8441FEA0275FC13400FE2F3B /* Build configuration list for PBXProject "easydo" */;
			compatibilityVersion = "Xcode 9.3";
			developmentRegion = en;
			hasScannedForEncodings = 0;
			knownRegions = (
				en,
				Base,
			);
			mainGroup = 8441FE9C275FC13400FE2F3B;
			productRefGroup = 8441FEA6275FC13400FE2F3B /* Products */;
			projectDirPath = "";
			projectRoot = "";
			targets = (
				8441FEA4275FC13400FE2F3B /* easydo */,
			);
		};
/* End PBXProject section */

/* Begin PBXResourcesBuildPhase section */
		8441FEA3275FC13400FE2F3B /* Resources */ = {
			isa = PBXResourcesBuildPhase;
			buildActionMask = 2147483647;
			files = (
				8441FEB0275FC13400FE2F3B /* Preview Assets.xcassets in Resources */,
				8441FEAD275FC13400FE2F3B /* Assets.xcassets in Resources */,
			);
			runOnlyForDeploymentPostprocessing = 0;
		};
/* End PBXResourcesBuildPhase section */

/* Begin PBXSourcesBuildPhase section */
		8441FEA1275FC13400FE2F3B /* Sources */ = {
			isa = PBXSourcesBuildPhase;
			buildActionMask = 2147483647;
			files = (
				8441FEB5275FC13400FE2F3B /* easydo.xcdatamodeld in Sources */,
				849891A8275FC4AB00F8B176 /* NewTaskView.swift in Sources */,
				8441FEB2275FC13400FE2F3B /* Persistence.swift in Sources */,
				847EF9DE2774F645007B60C2 /* ColorModal.swift in Sources */,
				8441FEAB275FC13400FE2F3B /* ContentView.swift in Sources */,
				847EF9E92774F8BA007B60C2 /* Cards.swift in Sources */,
				8441FEBE275FC20E00FE2F3B /* HomeView.swift in Sources */,
				847EF9E42774F729007B60C2 /* ColorsData.swift in Sources */,
				8441FEA9275FC13400FE2F3B /* easydoApp.swift in Sources */,
				8441FEC3275FC26200FE2F3B /* HomeViewModal.swift in Sources */,
				847EF9EE277500DC007B60C2 /* SettingsView.swift in Sources */,
			);
			runOnlyForDeploymentPostprocessing = 0;
		};
/* End PBXSourcesBuildPhase section */

/* Begin XCBuildConfiguration section */
		8441FEB7275FC13400FE2F3B /* Debug */ = {
			isa = XCBuildConfiguration;
			buildSettings = {
				ALWAYS_SEARCH_USER_PATHS = NO;
				CLANG_ANALYZER_NONNULL = YES;
				CLANG_ANALYZER_NUMBER_OBJECT_CONVERSION = YES_AGGRESSIVE;
				CLANG_CXX_LANGUAGE_STANDARD = "gnu++14";
				CLANG_CXX_LIBRARY = "libc++";
				CLANG_ENABLE_MODULES = YES;
				CLANG_ENABLE_OBJC_ARC = YES;
				CLANG_ENABLE_OBJC_WEAK = YES;
				CLANG_WARN_BLOCK_CAPTURE_AUTORELEASING = YES;
				CLANG_WARN_BOOL_CONVERSION = YES;
				CLANG_WARN_COMMA = YES;
				CLANG_WARN_CONSTANT_CONVERSION = YES;
				CLANG_WARN_DEPRECATED_OBJC_IMPLEMENTATIONS = YES;
				CLANG_WARN_DIRECT_OBJC_ISA_USAGE = YES_ERROR;
				CLANG_WARN_DOCUMENTATION_COMMENTS = YES;
				CLANG_WARN_EMPTY_BODY = YES;
				CLANG_WARN_ENUM_CONVERSION = YES;
				CLANG_WARN_INFINITE_RECURSION = YES;
				CLANG_WARN_INT_CONVERSION = YES;
				CLANG_WARN_NON_LITERAL_NULL_CONVERSION = YES;
				CLANG_WARN_OBJC_IMPLICIT_RETAIN_SELF = YES;
				CLANG_WARN_OBJC_LITERAL_CONVERSION = YES;
				CLANG_WARN_OBJC_ROOT_CLASS = YES_ERROR;
				CLANG_WARN_QUOTED_INCLUDE_IN_FRAMEWORK_HEADER = YES;
				CLANG_WARN_RANGE_LOOP_ANALYSIS = YES;
				CLANG_WARN_STRICT_PROTOTYPES = YES;
				CLANG_WARN_SUSPICIOUS_MOVE = YES;
				CLANG_WARN_UNGUARDED_AVAILABILITY = YES_AGGRESSIVE;
				CLANG_WARN_UNREACHABLE_CODE = YES;
				CLANG_WARN__DUPLICATE_METHOD_MATCH = YES;
				COPY_PHASE_STRIP = NO;
				DEBUG_INFORMATION_FORMAT = dwarf;
				ENABLE_STRICT_OBJC_MSGSEND = YES;
				ENABLE_TESTABILITY = YES;
				GCC_C_LANGUAGE_STANDARD = gnu11;
				GCC_DYNAMIC_NO_PIC = NO;
				GCC_NO_COMMON_BLOCKS = YES;
				GCC_OPTIMIZATION_LEVEL = 0;
				GCC_PREPROCESSOR_DEFINITIONS = (
					"DEBUG=1",
					"$(inherited)",
				);
				GCC_WARN_64_TO_32_BIT_CONVERSION = YES;
				GCC_WARN_ABOUT_RETURN_TYPE = YES_ERROR;
				GCC_WARN_UNDECLARED_SELECTOR = YES;
				GCC_WARN_UNINITIALIZED_AUTOS = YES_AGGRESSIVE;
				GCC_WARN_UNUSED_FUNCTION = YES;
				GCC_WARN_UNUSED_VARIABLE = YES;
				IPHONEOS_DEPLOYMENT_TARGET = 14.4;
				MTL_ENABLE_DEBUG_INFO = INCLUDE_SOURCE;
				MTL_FAST_MATH = YES;
				ONLY_ACTIVE_ARCH = YES;
				SDKROOT = iphoneos;
				SWIFT_ACTIVE_COMPILATION_CONDITIONS = DEBUG;
				SWIFT_OPTIMIZATION_LEVEL = "-Onone";
			};
			name = Debug;
		};
		8441FEB8275FC13400FE2F3B /* Release */ = {
			isa = XCBuildConfiguration;
			buildSettings = {
				ALWAYS_SEARCH_USER_PATHS = NO;
				CLANG_ANALYZER_NONNULL = YES;
				CLANG_ANALYZER_NUMBER_OBJECT_CONVERSION = YES_AGGRESSIVE;
				CLANG_CXX_LANGUAGE_STANDARD = "gnu++14";
				CLANG_CXX_LIBRARY = "libc++";
				CLANG_ENABLE_MODULES = YES;
				CLANG_ENABLE_OBJC_ARC = YES;
				CLANG_ENABLE_OBJC_WEAK = YES;
				CLANG_WARN_BLOCK_CAPTURE_AUTORELEASING = YES;
				CLANG_WARN_BOOL_CONVERSION = YES;
				CLANG_WARN_COMMA = YES;
				CLANG_WARN_CONSTANT_CONVERSION = YES;
				CLANG_WARN_DEPRECATED_OBJC_IMPLEMENTATIONS = YES;
				CLANG_WARN_DIRECT_OBJC_ISA_USAGE = YES_ERROR;
				CLANG_WARN_DOCUMENTATION_COMMENTS = YES;
				CLANG_WARN_EMPTY_BODY = YES;
				CLANG_WARN_ENUM_CONVERSION = YES;
				CLANG_WARN_INFINITE_RECURSION = YES;
				CLANG_WARN_INT_CONVERSION = YES;
				CLANG_WARN_NON_LITERAL_NULL_CONVERSION = YES;
				CLANG_WARN_OBJC_IMPLICIT_RETAIN_SELF = YES;
				CLANG_WARN_OBJC_LITERAL_CONVERSION = YES;
				CLANG_WARN_OBJC_ROOT_CLASS = YES_ERROR;
				CLANG_WARN_QUOTED_INCLUDE_IN_FRAMEWORK_HEADER = YES;
				CLANG_WARN_RANGE_LOOP_ANALYSIS = YES;
				CLANG_WARN_STRICT_PROTOTYPES = YES;
				CLANG_WARN_SUSPICIOUS_MOVE = YES;
				CLANG_WARN_UNGUARDED_AVAILABILITY = YES_AGGRESSIVE;
				CLANG_WARN_UNREACHABLE_CODE = YES;
				CLANG_WARN__DUPLICATE_METHOD_MATCH = YES;
				COPY_PHASE_STRIP = NO;
				DEBUG_INFORMATION_FORMAT = "dwarf-with-dsym";
				ENABLE_NS_ASSERTIONS = NO;
				ENABLE_STRICT_OBJC_MSGSEND = YES;
				GCC_C_LANGUAGE_STANDARD = gnu11;
				GCC_NO_COMMON_BLOCKS = YES;
				GCC_WARN_64_TO_32_BIT_CONVERSION = YES;
				GCC_WARN_ABOUT_RETURN_TYPE = YES_ERROR;
				GCC_WARN_UNDECLARED_SELECTOR = YES;
				GCC_WARN_UNINITIALIZED_AUTOS = YES_AGGRESSIVE;
				GCC_WARN_UNUSED_FUNCTION = YES;
				GCC_WARN_UNUSED_VARIABLE = YES;
				IPHONEOS_DEPLOYMENT_TARGET = 14.4;
				MTL_ENABLE_DEBUG_INFO = NO;
				MTL_FAST_MATH = YES;
				SDKROOT = iphoneos;
				SWIFT_COMPILATION_MODE = wholemodule;
				SWIFT_OPTIMIZATION_LEVEL = "-O";
				VALIDATE_PRODUCT = YES;
			};
			name = Release;
		};
		8441FEBA275FC13400FE2F3B /* Debug */ = {
			isa = XCBuildConfiguration;
			buildSettings = {
				ASSETCATALOG_COMPILER_APPICON_NAME = AppIcon;
				ASSETCATALOG_COMPILER_GLOBAL_ACCENT_COLOR_NAME = AccentColor;
				CODE_SIGN_STYLE = Automatic;
				DEVELOPMENT_ASSET_PATHS = "\"easydo/Preview Content\"";
				DEVELOPMENT_TEAM = J65LKK6KZJ;
				ENABLE_PREVIEWS = YES;
				INFOPLIST_FILE = easydo/Info.plist;
				IPHONEOS_DEPLOYMENT_TARGET = 14.0;
				LD_RUNPATH_SEARCH_PATHS = (
					"$(inherited)",
					"@executable_path/Frameworks",
				);
				PRODUCT_BUNDLE_IDENTIFIER = com.x.easydo.easydo;
				PRODUCT_NAME = "$(TARGET_NAME)";
				SWIFT_VERSION = 5.0;
				TARGETED_DEVICE_FAMILY = "1,2";
			};
			name = Debug;
		};
		8441FEBB275FC13400FE2F3B /* Release */ = {
			isa = XCBuildConfiguration;
			buildSettings = {
				ASSETCATALOG_COMPILER_APPICON_NAME = AppIcon;
				ASSETCATALOG_COMPILER_GLOBAL_ACCENT_COLOR_NAME = AccentColor;
				CODE_SIGN_STYLE = Automatic;
				DEVELOPMENT_ASSET_PATHS = "\"easydo/Preview Content\"";
				DEVELOPMENT_TEAM = J65LKK6KZJ;
				ENABLE_PREVIEWS = YES;
				INFOPLIST_FILE = easydo/Info.plist;
				IPHONEOS_DEPLOYMENT_TARGET = 14.0;
				LD_RUNPATH_SEARCH_PATHS = (
					"$(inherited)",
					"@executable_path/Frameworks",
				);
				PRODUCT_BUNDLE_IDENTIFIER = com.x.easydo.easydo;
				PRODUCT_NAME = "$(TARGET_NAME)";
				SWIFT_VERSION = 5.0;
				TARGETED_DEVICE_FAMILY = "1,2";
			};
			name = Release;
		};
/* End XCBuildConfiguration section */

/* Begin XCConfigurationList section */
		8441FEA0275FC13400FE2F3B /* Build configuration list for PBXProject "easydo" */ = {
			isa = XCConfigurationList;
			buildConfigurations = (
				8441FEB7275FC13400FE2F3B /* Debug */,
				8441FEB8275FC13400FE2F3B /* Release */,
			);
			defaultConfigurationIsVisible = 0;
			defaultConfigurationName = Release;
		};
		8441FEB9275FC13400FE2F3B /* Build configuration list for PBXNativeTarget "easydo" */ = {
			isa = XCConfigurationList;
			buildConfigurations = (
				8441FEBA275FC13400FE2F3B /* Debug */,
				8441FEBB275FC13400FE2F3B /* Release */,
			);
			defaultConfigurationIsVisible = 0;
			defaultConfigurationName = Release;
		};
/* End XCConfigurationList section */

/* Begin XCVersionGroup section */
		8441FEB3275FC13400FE2F3B /* easydo.xcdatamodeld */ = {
			isa = XCVersionGroup;
			children = (
				8441FEB4275FC13400FE2F3B /* easydo.xcdatamodel */,
			);
			currentVersion = 8441FEB4275FC13400FE2F3B /* easydo.xcdatamodel */;
			path = easydo.xcdatamodeld;
			sourceTree = "<group>";
			versionGroupType = wrapper.xcdatamodel;
		};
/* End XCVersionGroup section */
	};
	rootObject = 8441FE9D275FC13400FE2F3B /* Project object */;
}
